
Microsoft Visual Studio Solution File, Format Version 11.00
# Visual Studio 2010
Project("{FAE04EC0-301F-11D3-BF4B-00C04F79EFBC}") = "TestComposite", "TestComposite\TestComposite.csproj", "{EE534983-7DE3-44C0-AC58-BE12B6586CDF}"
EndProject
Global
	GlobalSection(SolutionConfigurationPlatforms) = preSolution
		Debug|x86 = Debug|x86
		Release|x86 = Release|x86
	EndGlobalSection
	GlobalSection(ProjectConfigurationPlatforms) = postSolution
		{EE534983-7DE3-44C0-AC58-BE12B6586CDF}.Debug|x86.ActiveCfg = Debug|x86
		{EE534983-7DE3-44C0-AC58-BE12B6586CDF}.Debug|x86.Build.0 = Debug|x86
		{EE534983-7DE3-44C0-AC58-BE12B6586CDF}.Release|x86.ActiveCfg = Release|x86
		{EE534983-7DE3-44C0-AC58-BE12B6586CDF}.Release|x86.Build.0 = Release|x86
	EndGlobalSection
	GlobalSection(SolutionProperties) = preSolution
		HideSolutionNode = FALSE
	EndGlobalSection
EndGlobal
